
Microsoft Visual Studio Solution File, Format Version 12.00
# Visual Studio 14
VisualStudioVersion = 14.0.23107.0
MinimumVisualStudioVersion = 10.0.40219.1
Project("{8BC9CEB8-8B4A-11D0-8D11-00A0C91BC942}") = "2016_01_04 zadanie", "2016_01_04 zadanie\2016_01_04 zadanie.vcxproj", "{2070686F-0158-416F-A1F6-F3E2EF8C8CD1}"
EndProject
Global
	GlobalSection(SolutionConfigurationPlatforms) = preSolution
		Debug|x64 = Debug|x64
		Debug|x86 = Debug|x86
		Release|x64 = Release|x64
		Release|x86 = Release|x86
	EndGlobalSection
	GlobalSection(ProjectConfigurationPlatforms) = postSolution
		{2070686F-0158-416F-A1F6-F3E2EF8C8CD1}.Debug|x64.ActiveCfg = Debug|x64
		{2070686F-0158-416F-A1F6-F3E2EF8C8CD1}.Debug|x64.Build.0 = Debug|x64
		{2070686F-0158-416F-A1F6-F3E2EF8C8CD1}.Debug|x86.ActiveCfg = Debug|Win32
		{2070686F-0158-416F-A1F6-F3E2EF8C8CD1}.Debug|x86.Build.0 = Debug|Win32
		{2070686F-0158-416F-A1F6-F3E2EF8C8CD1}.Release|x64.ActiveCfg = Release|x64
		{2070686F-0158-416F-A1F6-F3E2EF8C8CD1}.Release|x64.Build.0 = Release|x64
		{2070686F-0158-416F-A1F6-F3E2EF8C8CD1}.Release|x86.ActiveCfg = Release|Win32
		{2070686F-0158-416F-A1F6-F3E2EF8C8CD1}.Release|x86.Build.0 = Release|Win32
	EndGlobalSection
	GlobalSection(SolutionProperties) = preSolution
		HideSolutionNode = FALSE
	EndGlobalSection
EndGlobal
